<?xml version="1.0" encoding="utf-8"?>
<Project ToolsVersion="4.0" xmlns="http://schemas.microsoft.com/developer/msbuild/2003">
  <ItemGroup>
    <Filter Include="Source Files">
      <Extensions>cpp;c;cc;cxx;def;odl;idl;hpj;bat;asm;asmx</Extensions>
    </Filter>
    <Filter Include="Header Files">
      <Extensions>h;hh;hpp;hxx;hm;inl;inc;ipp;xsd</Extensions>
    </Filter>
  </ItemGroup>
  <ItemGroup>
    <ClCompile Include="MainGame.cpp">
      <Filter>Source Files</Filter>
    </ClCompile>
    <ClCompile Include="..\Controllers\PlayerFourController.cpp">
      <Filter>Source Files</Filter>
    </ClCompile>
    <ClCompile Include="..\Controllers\PlayerOneController.cpp">
      <Filter>Source Files</Filter>
    </ClCompile>
    <ClCompile Include="..\Controllers\PlayerThreeController.cpp">
      <Filter>Source Files</Filter>
    </ClCompile>
    <ClCompile Include="..\Controllers\PlayerTwoController.cpp">
      <Filter>Source Files</Filter>
    </ClCompile>
    <ClCompile Include="..\CoreBullet\Bullet.cpp">
      <Filter>Source Files</Filter>
    </ClCompile>
    <ClCompile Include="..\CoreTank\Tank.cpp">
      <Filter>Source Files</Filter>
    </ClCompile>
    <ClCompile Include="..\Obstacles\Structures.cpp">
      <Filter>Source Files</Filter>
    </ClCompile>
  </ItemGroup>
  <ItemGroup>
    <ClInclude Include="..\Play.h">
      <Filter>Header Files</Filter>
    </ClInclude>
    <ClInclude Include="..\Controllers\PlayerFourController.h">
      <Filter>Header Files</Filter>
    </ClInclude>
    <ClInclude Include="..\Controllers\PlayerOneController.h">
      <Filter>Header Files</Filter>
    </ClInclude>
    <ClInclude Include="..\Controllers\PlayerThreeController.h">
      <Filter>Header Files</Filter>
    </ClInclude>
    <ClInclude Include="..\Controllers\PlayerTwoController.h">
      <Filter>Header Files</Filter>
    </ClInclude>
    <ClInclude Include="..\CoreBullet\Bullet.h">
      <Filter>Header Files</Filter>
    </ClInclude>
    <ClInclude Include="..\CoreTank\Tank.h">
      <Filter>Header Files</Filter>
    </ClInclude>
    <ClInclude Include="..\CoreTank\TankController.h">
      <Filter>Header Files</Filter>
    </ClInclude>
    <ClInclude Include="..\Globals.h">
      <Filter>Header Files</Filter>
    </ClInclude>
    <ClInclude Include="..\Obstacles\Structures.h">
      <Filter>Header Files</Filter>
    </ClInclude>
  </ItemGroup>
</Project>